
Microsoft Visual Studio Solution File, Format Version 12.00
# Visual Studio Version 16
VisualStudioVersion = 16.0.30011.22
MinimumVisualStudioVersion = 10.0.40219.1
Project("{FAE04EC0-301F-11D3-BF4B-00C04F79EFBC}") = "Core.Web", "Core.Web\Core.Web.csproj", "{CA2B9F8F-5B24-4123-BE47-E3338FB70D79}"
EndProject
Project("{FAE04EC0-301F-11D3-BF4B-00C04F79EFBC}") = "Core.Models", "Core.Models\Core.Models.csproj", "{016B6A25-81F4-49C0-B2AE-E219272671EE}"
EndProject
Project("{FAE04EC0-301F-11D3-BF4B-00C04F79EFBC}") = "Core.IRepository", "Core.IRepository\Core.IRepository.csproj", "{C1673954-0EF7-426E-B118-ED6679394866}"
EndProject
Project("{FAE04EC0-301F-11D3-BF4B-00C04F79EFBC}") = "Core.Repository", "Core.Repository\Core.Repository.csproj", "{A1075F1F-E710-4018-9954-F233340C31D1}"
EndProject
Project("{FAE04EC0-301F-11D3-BF4B-00C04F79EFBC}") = "Core.IServices", "Core.IServices\Core.IServices.csproj", "{34974897-2490-4242-A332-1C047CCD58E1}"
EndProject
Project("{FAE04EC0-301F-11D3-BF4B-00C04F79EFBC}") = "Core.Services", "Core.Services\Core.Services.csproj", "{9B77A992-FDAE-486D-A0A7-192F217AAF4D}"
EndProject
Project("{FAE04EC0-301F-11D3-BF4B-00C04F79EFBC}") = "Core.Common", "Core.Common\Core.Common.csproj", "{05645BA5-8F03-4412-B6AA-74B513A7CD32}"
EndProject
Global
	GlobalSection(SolutionConfigurationPlatforms) = preSolution
		Debug|Any CPU = Debug|Any CPU
		Release|Any CPU = Release|Any CPU
	EndGlobalSection
	GlobalSection(ProjectConfigurationPlatforms) = postSolution
		{CA2B9F8F-5B24-4123-BE47-E3338FB70D79}.Debug|Any CPU.ActiveCfg = Debug|Any CPU
		{CA2B9F8F-5B24-4123-BE47-E3338FB70D79}.Debug|Any CPU.Build.0 = Debug|Any CPU
		{CA2B9F8F-5B24-4123-BE47-E3338FB70D79}.Release|Any CPU.ActiveCfg = Release|Any CPU
		{CA2B9F8F-5B24-4123-BE47-E3338FB70D79}.Release|Any CPU.Build.0 = Release|Any CPU
		{016B6A25-81F4-49C0-B2AE-E219272671EE}.Debug|Any CPU.ActiveCfg = Debug|Any CPU
		{016B6A25-81F4-49C0-B2AE-E219272671EE}.Debug|Any CPU.Build.0 = Debug|Any CPU
		{016B6A25-81F4-49C0-B2AE-E219272671EE}.Release|Any CPU.ActiveCfg = Release|Any CPU
		{016B6A25-81F4-49C0-B2AE-E219272671EE}.Release|Any CPU.Build.0 = Release|Any CPU
		{C1673954-0EF7-426E-B118-ED6679394866}.Debug|Any CPU.ActiveCfg = Debug|Any CPU
		{C1673954-0EF7-426E-B118-ED6679394866}.Debug|Any CPU.Build.0 = Debug|Any CPU
		{C1673954-0EF7-426E-B118-ED6679394866}.Release|Any CPU.ActiveCfg = Release|Any CPU
		{C1673954-0EF7-426E-B118-ED6679394866}.Release|Any CPU.Build.0 = Release|Any CPU
		{A1075F1F-E710-4018-9954-F233340C31D1}.Debug|Any CPU.ActiveCfg = Debug|Any CPU
		{A1075F1F-E710-4018-9954-F233340C31D1}.Debug|Any CPU.Build.0 = Debug|Any CPU
		{A1075F1F-E710-4018-9954-F233340C31D1}.Release|Any CPU.ActiveCfg = Release|Any CPU
		{A1075F1F-E710-4018-9954-F233340C31D1}.Release|Any CPU.Build.0 = Release|Any CPU
		{34974897-2490-4242-A332-1C047CCD58E1}.Debug|Any CPU.ActiveCfg = Debug|Any CPU
		{34974897-2490-4242-A332-1C047CCD58E1}.Debug|Any CPU.Build.0 = Debug|Any CPU
		{34974897-2490-4242-A332-1C047CCD58E1}.Release|Any CPU.ActiveCfg = Release|Any CPU
		{34974897-2490-4242-A332-1C047CCD58E1}.Release|Any CPU.Build.0 = Release|Any CPU
		{9B77A992-FDAE-486D-A0A7-192F217AAF4D}.Debug|Any CPU.ActiveCfg = Debug|Any CPU
		{9B77A992-FDAE-486D-A0A7-192F217AAF4D}.Debug|Any CPU.Build.0 = Debug|Any CPU
		{9B77A992-FDAE-486D-A0A7-192F217AAF4D}.Release|Any CPU.ActiveCfg = Release|Any CPU
		{9B77A992-FDAE-486D-A0A7-192F217AAF4D}.Release|Any CPU.Build.0 = Release|Any CPU
		{05645BA5-8F03-4412-B6AA-74B513A7CD32}.Debug|Any CPU.ActiveCfg = Debug|Any CPU
		{05645BA5-8F03-4412-B6AA-74B513A7CD32}.Debug|Any CPU.Build.0 = Debug|Any CPU
		{05645BA5-8F03-4412-B6AA-74B513A7CD32}.Release|Any CPU.ActiveCfg = Release|Any CPU
		{05645BA5-8F03-4412-B6AA-74B513A7CD32}.Release|Any CPU.Build.0 = Release|Any CPU
	EndGlobalSection
	GlobalSection(SolutionProperties) = preSolution
		HideSolutionNode = FALSE
	EndGlobalSection
	GlobalSection(ExtensibilityGlobals) = postSolution
		SolutionGuid = {C0B4F605-0715-44D0-A143-1F8FFDECCF91}
	EndGlobalSection
EndGlobal
